{
  "version": 4,
  "terraform_version": "1.14.3",
  "serial": 169,
  "lineage": "7a28b2cc-46a0-b6ea-32a6-ccf1c382a123",
  "outputs": {
    "service_ips": {
      "value": {
        "argocd": "192.168.0.202",
        "envoy": "192.168.0.210",
        "fastapi": "192.168.0.203",
        "grafana": "192.168.0.205",
        "prometheus": "192.168.0.204"
      },
      "type": [
        "object",
        {
          "argocd": "string",
          "envoy": "string",
          "fastapi": "string",
          "grafana": "string",
          "prometheus": "string"
        }
      ]
    },
    "service_urls": {
      "value": {
        "argocd": "http://192.168.0.202",
        "envoy": "http://192.168.0.210",
        "fastapi": "http://192.168.0.203",
        "grafana": "http://192.168.0.205:3000",
        "prometheus": "http://192.168.0.204:9090"
      },
      "type": [
        "object",
        {
          "argocd": "string",
          "envoy": "string",
          "fastapi": "string",
          "grafana": "string",
          "prometheus": "string"
        }
      ]
    }
  },
  "resources": [
    {
      "mode": "managed",
      "type": "kubernetes_namespace_v1",
      "name": "envs",
      "provider": "provider[\"registry.terraform.io/hashicorp/kubernetes\"]",
      "instances": [
        {
          "index_key": "development",
          "schema_version": 0,
          "attributes": {
            "id": "development",
            "metadata": [
              {
                "annotations": {},
                "generate_name": "",
                "generation": 0,
                "labels": {},
                "name": "development",
                "resource_version": "1556178",
                "uid": "e783f195-4685-4a21-8581-e0e30335c25c"
              }
            ],
            "timeouts": null,
            "wait_for_default_service_account": false
          },
          "sensitive_attributes": [],
          "identity_schema_version": 1,
          "identity": {
            "api_version": "v1",
            "kind": "Namespace",
            "name": "development"
          },
          "private": "eyJlMmJmYjczMC1lY2FhLTExZTYtOGY4OC0zNDM2M2JjN2M0YzAiOnsiZGVsZXRlIjozMDAwMDAwMDAwMDB9fQ=="
        },
        {
          "index_key": "production",
          "schema_version": 0,
          "attributes": {
            "id": "production",
            "metadata": [
              {
                "annotations": {},
                "generate_name": "",
                "generation": 0,
                "labels": {},
                "name": "production",
                "resource_version": "1556177",
                "uid": "16a049d9-fbf2-4d63-8287-dc14feec021f"
              }
            ],
            "timeouts": null,
            "wait_for_default_service_account": false
          },
          "sensitive_attributes": [],
          "identity_schema_version": 1,
          "identity": {
            "api_version": "v1",
            "kind": "Namespace",
            "name": "production"
          },
          "private": "eyJlMmJmYjczMC1lY2FhLTExZTYtOGY4OC0zNDM2M2JjN2M0YzAiOnsiZGVsZXRlIjozMDAwMDAwMDAwMDB9fQ=="
        },
        {
          "index_key": "staging",
          "schema_version": 0,
          "attributes": {
            "id": "staging",
            "metadata": [
              {
                "annotations": {},
                "generate_name": "",
                "generation": 0,
                "labels": {},
                "name": "staging",
                "resource_version": "1556175",
                "uid": "30fc3b05-0d1b-49cf-801c-271ddf45becc"
              }
            ],
            "timeouts": null,
            "wait_for_default_service_account": false
          },
          "sensitive_attributes": [],
          "identity_schema_version": 1,
          "identity": {
            "api_version": "v1",
            "kind": "Namespace",
            "name": "staging"
          },
          "private": "eyJlMmJmYjczMC1lY2FhLTExZTYtOGY4OC0zNDM2M2JjN2M0YzAiOnsiZGVsZXRlIjozMDAwMDAwMDAwMDB9fQ=="
        }
      ]
    },
    {
      "mode": "managed",
      "type": "kubernetes_namespace_v1",
      "name": "monitoring",
      "provider": "provider[\"registry.terraform.io/hashicorp/kubernetes\"]",
      "instances": [
        {
          "schema_version": 0,
          "attributes": {
            "id": "monitoring",
            "metadata": [
              {
                "annotations": {},
                "generate_name": "",
                "generation": 0,
                "labels": {
                  "monitoring": "enabled"
                },
                "name": "monitoring",
                "resource_version": "1660058",
                "uid": "8349ef6e-3649-489e-bd97-f2b9eb790e14"
              }
            ],
            "timeouts": null,
            "wait_for_default_service_account": false
          },
          "sensitive_attributes": [],
          "identity_schema_version": 1,
          "identity": {
            "api_version": "v1",
            "kind": "Namespace",
            "name": "monitoring"
          },
          "private": "eyJlMmJmYjczMC1lY2FhLTExZTYtOGY4OC0zNDM2M2JjN2M0YzAiOnsiZGVsZXRlIjozMDAwMDAwMDAwMDB9fQ=="
        }
      ]
    },
    {
      "module": "module.gateway[0]",
      "mode": "managed",
      "type": "helm_release",
      "name": "envoy",
      "provider": "provider[\"registry.terraform.io/hashicorp/helm\"]",
      "instances": [
        {
          "schema_version": 1,
          "attributes": {
            "atomic": true,
            "chart": "gateway-helm",
            "cleanup_on_fail": true,
            "create_namespace": false,
            "dependency_update": true,
            "description": null,
            "devel": null,
            "disable_crd_hooks": false,
            "disable_openapi_validation": false,
            "disable_webhooks": false,
            "force_update": false,
            "id": "envoy-gateway",
            "keyring": null,
            "lint": false,
            "manifest": null,
            "max_history": 0,
            "metadata": [
              {
                "app_version": "v1.6.2",
                "chart": "gateway-helm",
                "first_deployed": 1768365539,
                "last_deployed": 1768365539,
                "name": "envoy-gateway",
                "namespace": "gateway-system",
                "notes": "**************************************************************************\n*** PLEASE BE PATIENT: Envoy Gateway may take a few minutes to install ***\n**************************************************************************\n\nEnvoy Gateway is an open source project for managing Envoy Proxy as a standalone or Kubernetes-based application gateway.\n\nThank you for installing Envoy Gateway! 🎉\n\nYour release is named: envoy-gateway. 🎉\n\nYour release is in namespace: gateway-system. 🎉\n\nTo learn more about the release, try:\n\n  $ helm status envoy-gateway -n gateway-system\n  $ helm get all envoy-gateway -n gateway-system\n\nTo have a quickstart of Envoy Gateway, please refer to https://gateway.envoyproxy.io/latest/tasks/quickstart.\n\nTo get more details, please visit https://gateway.envoyproxy.io and https://github.com/envoyproxy/gateway.\n",
                "revision": 1,
                "values": "{}",
                "version": "1.6.2"
              }
            ],
            "name": "envoy-gateway",
            "namespace": "gateway-system",
            "pass_credentials": false,
            "postrender": [],
            "recreate_pods": false,
            "render_subchart_notes": true,
            "replace": false,
            "repository": "oci://docker.io/envoyproxy",
            "repository_ca_file": null,
            "repository_cert_file": null,
            "repository_key_file": null,
            "repository_password": null,
            "repository_username": null,
            "reset_values": false,
            "reuse_values": false,
            "set": [],
            "set_list": [],
            "set_sensitive": [],
            "skip_crds": false,
            "status": "deployed",
            "timeout": 300,
            "upgrade_install": null,
            "values": null,
            "verify": false,
            "version": "1.6.2",
            "wait": true,
            "wait_for_jobs": false
          },
          "sensitive_attributes": [
            [
              {
                "type": "get_attr",
                "value": "repository_password"
              }
            ]
          ],
          "identity_schema_version": 0,
          "private": "eyJzY2hlbWFfdmVyc2lvbiI6IjEifQ==",
          "dependencies": [
            "module.gateway.kubernetes_namespace_v1.gw"
          ]
        }
      ]
    },
    {
      "module": "module.gateway[0]",
      "mode": "managed",
      "type": "kubectl_manifest",
      "name": "fastapi_route",
      "provider": "provider[\"registry.terraform.io/gavinbunney/kubectl\"]",
      "instances": [
        {
          "schema_version": 1,
          "attributes": {
            "api_version": "gateway.networking.k8s.io/v1",
            "apply_only": false,
            "force_conflicts": false,
            "force_new": false,
            "id": "/apis/gateway.networking.k8s.io/v1/namespaces/production/httproutes/fastapi-route",
            "ignore_fields": null,
            "kind": "HTTPRoute",
            "live_manifest_incluster": "0c3c0d0c61ab6693f0e3000493dcc5ae10d573b12a213c43812f05b7cf3a5bde",
            "live_uid": "54fbbf04-9104-4564-8187-b55b263f98cb",
            "name": "fastapi-route",
            "namespace": "production",
            "override_namespace": null,
            "sensitive_fields": null,
            "server_side_apply": false,
            "timeouts": null,
            "uid": "a22bd275-640f-477e-888c-85d7dab2d663",
            "validate_schema": true,
            "wait": null,
            "wait_for_rollout": true,
            "yaml_body": "apiVersion: gateway.networking.k8s.io/v1\nkind: HTTPRoute\nmetadata:\n  name: fastapi-route\n  namespace: production\nspec:\n  parentRefs:\n    - name: prod-gateway\n  rules:\n    - matches:\n        - path:\n            type: PathPrefix\n            value: /\n      backendRefs:\n        - name: fastapi-app\n          port: 80\n",
            "yaml_body_parsed": "apiVersion: gateway.networking.k8s.io/v1\nkind: HTTPRoute\nmetadata:\n  name: fastapi-route\n  namespace: production\nspec:\n  parentRefs:\n  - name: prod-gateway\n  rules:\n  - backendRefs:\n    - name: fastapi-app\n      port: 80\n    matches:\n    - path:\n        type: PathPrefix\n        value: /\n",
            "yaml_incluster": "0c3c0d0c61ab6693f0e3000493dcc5ae10d573b12a213c43812f05b7cf3a5bde"
          },
          "sensitive_attributes": [
            [
              {
                "type": "get_attr",
                "value": "live_manifest_incluster"
              }
            ],
            [
              {
                "type": "get_attr",
                "value": "yaml_body"
              }
            ],
            [
              {
                "type": "get_attr",
                "value": "yaml_incluster"
              }
            ]
          ],
          "identity_schema_version": 0,
          "private": "eyJlMmJmYjczMC1lY2FhLTExZTYtOGY4OC0zNDM2M2JjN2M0YzAiOnsiY3JlYXRlIjo2MDAwMDAwMDAwMDB9LCJzY2hlbWFfdmVyc2lvbiI6IjEifQ==",
          "dependencies": [
            "module.gateway.helm_release.envoy",
            "module.gateway.kubectl_manifest.gateway_class",
            "module.gateway.kubectl_manifest.prod_gateway",
            "module.gateway.kubernetes_namespace_v1.gw"
          ]
        }
      ]
    },
    {
      "module": "module.gateway[0]",
      "mode": "managed",
      "type": "kubectl_manifest",
      "name": "prod_gateway",
      "provider": "provider[\"registry.terraform.io/gavinbunney/kubectl\"]",
      "instances": [
        {
          "schema_version": 1,
          "attributes": {
            "api_version": "gateway.networking.k8s.io/v1",
            "apply_only": false,
            "force_conflicts": false,
            "force_new": false,
            "id": "/apis/gateway.networking.k8s.io/v1/namespaces/production/gateways/prod-gateway",
            "ignore_fields": null,
            "kind": "Gateway",
            "live_manifest_incluster": "7f49f6a9e29c3e078050c58349ab6bfeb6691e0b6c336ed11ee298730026a312",
            "live_uid": "85da408c-204b-4ed3-8be8-9fcc7f4e8a49",
            "name": "prod-gateway",
            "namespace": "production",
            "override_namespace": null,
            "sensitive_fields": null,
            "server_side_apply": false,
            "timeouts": null,
            "uid": "7df9e3e0-edfc-4c58-9907-a9876e9df221",
            "validate_schema": true,
            "wait": null,
            "wait_for_rollout": true,
            "yaml_body": "apiVersion: gateway.networking.k8s.io/v1\nkind: Gateway\nmetadata:\n  name: prod-gateway\n  namespace: production\nspec:\n  gatewayClassName: envoy-gateway\n  listeners:\n    - name: http\n      protocol: HTTP\n      port: 80\n      allowedRoutes:\n        namespaces:\n          from: Same\n",
            "yaml_body_parsed": "apiVersion: gateway.networking.k8s.io/v1\nkind: Gateway\nmetadata:\n  name: prod-gateway\n  namespace: production\nspec:\n  gatewayClassName: envoy-gateway\n  listeners:\n  - allowedRoutes:\n      namespaces:\n        from: Same\n    name: http\n    port: 80\n    protocol: HTTP\n",
            "yaml_incluster": "7f49f6a9e29c3e078050c58349ab6bfeb6691e0b6c336ed11ee298730026a312"
          },
          "sensitive_attributes": [
            [
              {
                "type": "get_attr",
                "value": "live_manifest_incluster"
              }
            ],
            [
              {
                "type": "get_attr",
                "value": "yaml_body"
              }
            ],
            [
              {
                "type": "get_attr",
                "value": "yaml_incluster"
              }
            ]
          ],
          "identity_schema_version": 0,
          "private": "eyJlMmJmYjczMC1lY2FhLTExZTYtOGY4OC0zNDM2M2JjN2M0YzAiOnsiY3JlYXRlIjo2MDAwMDAwMDAwMDB9LCJzY2hlbWFfdmVyc2lvbiI6IjEifQ==",
          "dependencies": [
            "module.gateway.helm_release.envoy",
            "module.gateway.kubectl_manifest.gateway_class",
            "module.gateway.kubernetes_namespace_v1.gw"
          ]
        }
      ]
    },
    {
      "module": "module.metallb[0]",
      "mode": "managed",
      "type": "helm_release",
      "name": "metallb",
      "provider": "provider[\"registry.terraform.io/hashicorp/helm\"]",
      "instances": [
        {
          "schema_version": 1,
          "attributes": {
            "atomic": false,
            "chart": "metallb",
            "cleanup_on_fail": false,
            "create_namespace": false,
            "dependency_update": false,
            "description": null,
            "devel": null,
            "disable_crd_hooks": false,
            "disable_openapi_validation": false,
            "disable_webhooks": false,
            "force_update": false,
            "id": "metallb",
            "keyring": null,
            "lint": false,
            "manifest": null,
            "max_history": 0,
            "metadata": [
              {
                "app_version": "v0.14.9",
                "chart": "metallb",
                "first_deployed": 1768365534,
                "last_deployed": 1768365534,
                "name": "metallb",
                "namespace": "metallb-system",
                "notes": "MetalLB is now running in the cluster.\n\nNow you can configure it via its CRs. Please refer to the metallb official docs\non how to use the CRs.\n",
                "revision": 1,
                "values": "{}",
                "version": "0.14.9"
              }
            ],
            "name": "metallb",
            "namespace": "metallb-system",
            "pass_credentials": false,
            "postrender": [],
            "recreate_pods": false,
            "render_subchart_notes": true,
            "replace": false,
            "repository": "https://metallb.github.io/metallb",
            "repository_ca_file": null,
            "repository_cert_file": null,
            "repository_key_file": null,
            "repository_password": null,
            "repository_username": null,
            "reset_values": false,
            "reuse_values": false,
            "set": [],
            "set_list": [],
            "set_sensitive": [],
            "skip_crds": false,
            "status": "deployed",
            "timeout": 300,
            "upgrade_install": null,
            "values": null,
            "verify": false,
            "version": "0.14.9",
            "wait": true,
            "wait_for_jobs": true
          },
          "sensitive_attributes": [
            [
              {
                "type": "get_attr",
                "value": "repository_password"
              }
            ]
          ],
          "identity_schema_version": 0,
          "private": "eyJzY2hlbWFfdmVyc2lvbiI6IjEifQ==",
          "dependencies": [
            "module.metallb.kubernetes_namespace_v1.ns"
          ]
        }
      ]
    },
    {
      "module": "module.metallb[0]",
      "mode": "managed",
      "type": "kubectl_manifest",
      "name": "l2",
      "provider": "provider[\"registry.terraform.io/gavinbunney/kubectl\"]",
      "instances": [
        {
          "schema_version": 1,
          "attributes": {
            "api_version": "metallb.io/v1beta1",
            "apply_only": false,
            "force_conflicts": false,
            "force_new": false,
            "id": "/apis/metallb.io/v1beta1/namespaces/metallb-system/l2advertisements/l2",
            "ignore_fields": null,
            "kind": "L2Advertisement",
            "live_manifest_incluster": "922bffef532e2775dff742f399e27e3e31dfebd22a4d10e749366397a33827be",
            "live_uid": "f79b90c6-22e3-4167-85dd-83a0d9af985a",
            "name": "l2",
            "namespace": "metallb-system",
            "override_namespace": null,
            "sensitive_fields": null,
            "server_side_apply": false,
            "timeouts": null,
            "uid": "f79b90c6-22e3-4167-85dd-83a0d9af985a",
            "validate_schema": true,
            "wait": null,
            "wait_for_rollout": true,
            "yaml_body": "\"apiVersion\": \"metallb.io/v1beta1\"\n\"kind\": \"L2Advertisement\"\n\"metadata\":\n  \"name\": \"l2\"\n  \"namespace\": \"metallb-system\"\n\"spec\":\n  \"ipAddressPools\":\n  - \"pool\"\n",
            "yaml_body_parsed": "apiVersion: metallb.io/v1beta1\nkind: L2Advertisement\nmetadata:\n  name: l2\n  namespace: metallb-system\nspec:\n  ipAddressPools:\n  - pool\n",
            "yaml_incluster": "922bffef532e2775dff742f399e27e3e31dfebd22a4d10e749366397a33827be"
          },
          "sensitive_attributes": [
            [
              {
                "type": "get_attr",
                "value": "live_manifest_incluster"
              }
            ],
            [
              {
                "type": "get_attr",
                "value": "yaml_body"
              }
            ],
            [
              {
                "type": "get_attr",
                "value": "yaml_incluster"
              }
            ]
          ],
          "identity_schema_version": 0,
          "private": "eyJlMmJmYjczMC1lY2FhLTExZTYtOGY4OC0zNDM2M2JjN2M0YzAiOnsiY3JlYXRlIjo2MDAwMDAwMDAwMDB9LCJzY2hlbWFfdmVyc2lvbiI6IjEifQ==",
          "dependencies": [
            "module.metallb.helm_release.metallb",
            "module.metallb.kubectl_manifest.pool",
            "module.metallb.kubernetes_namespace_v1.ns"
          ]
        }
      ]
    },
    {
      "module": "module.metallb[0]",
      "mode": "managed",
      "type": "kubectl_manifest",
      "name": "pool",
      "provider": "provider[\"registry.terraform.io/gavinbunney/kubectl\"]",
      "instances": [
        {
          "schema_version": 1,
          "attributes": {
            "api_version": "metallb.io/v1beta1",
            "apply_only": false,
            "force_conflicts": false,
            "force_new": false,
            "id": "/apis/metallb.io/v1beta1/namespaces/metallb-system/ipaddresspools/pool",
            "ignore_fields": null,
            "kind": "IPAddressPool",
            "live_manifest_incluster": "092a3ec7229b74e3a04d4cffa7edc7aa3a275499915c2de8fb0e2c676136ab7e",
            "live_uid": "1753a639-9959-40d3-acc9-808fab4ebc7f",
            "name": "pool",
            "namespace": "metallb-system",
            "override_namespace": null,
            "sensitive_fields": null,
            "server_side_apply": false,
            "timeouts": null,
            "uid": "1753a639-9959-40d3-acc9-808fab4ebc7f",
            "validate_schema": true,
            "wait": null,
            "wait_for_rollout": true,
            "yaml_body": "\"apiVersion\": \"metallb.io/v1beta1\"\n\"kind\": \"IPAddressPool\"\n\"metadata\":\n  \"name\": \"pool\"\n  \"namespace\": \"metallb-system\"\n\"spec\":\n  \"addresses\":\n  - \"192.168.0.200-192.168.0.250\"\n",
            "yaml_body_parsed": "apiVersion: metallb.io/v1beta1\nkind: IPAddressPool\nmetadata:\n  name: pool\n  namespace: metallb-system\nspec:\n  addresses:\n  - 192.168.0.200-192.168.0.250\n",
            "yaml_incluster": "092a3ec7229b74e3a04d4cffa7edc7aa3a275499915c2de8fb0e2c676136ab7e"
          },
          "sensitive_attributes": [
            [
              {
                "type": "get_attr",
                "value": "live_manifest_incluster"
              }
            ],
            [
              {
                "type": "get_attr",
                "value": "yaml_body"
              }
            ],
            [
              {
                "type": "get_attr",
                "value": "yaml_incluster"
              }
            ]
          ],
          "identity_schema_version": 0,
          "private": "eyJlMmJmYjczMC1lY2FhLTExZTYtOGY4OC0zNDM2M2JjN2M0YzAiOnsiY3JlYXRlIjo2MDAwMDAwMDAwMDB9LCJzY2hlbWFfdmVyc2lvbiI6IjEifQ==",
          "dependencies": [
            "module.metallb.helm_release.metallb",
            "module.metallb.kubernetes_namespace_v1.ns"
          ]
        }
      ]
    }
  ],
  "check_results": null
}
